{
	"name": "reltab-duckdb",
	"version": "0.0.1",
	"lockfileVersion": 3,
	"requires": true,
	"packages": {
		"": {
			"name": "reltab-duckdb",
			"version": "0.0.1",
			"license": "MIT",
			"devDependencies": {
				"@types/lodash": "^4.17.25",
				"@types/pretty-hrtime": "^1.0.3"
			}
		},
		"node_modules/@types/lodash": {
			"version": "4.17.25",
			"resolved": "https://registry.npmjs.org/@types/lodash/-/lodash-4.17.25.tgz",
			"integrity": "sha512-+K1NIO8I+F9/wNulfVvu23QYd0Pe9/OCqRrim4NoYIf1VoEDL90Ve4ClzpyqBLc7NpGGWRvYNCKZ1BE/Jpf8dQ==",
			"dev": true,
			"license": "MIT"
		},
		"node_modules/@types/pretty-hrtime": {
			"version": "1.0.3",
			"resolved": "https://registry.npmjs.org/@types/pretty-hrtime/-/pretty-hrtime-1.0.3.tgz",
			"integrity": "sha512-nj39q0wAIdhwn7DGUyT9irmsKK1tV0bd5WFEhgpqNTMFZ8cE+jieuTphCW0tfdm47S2zVT5mr09B28b1chmQMA==",
			"dev": true,
			"license": "MIT"
		}
	}
}
